
Microsoft Visual Studio Solution File, Format Version 12.00
# Visual Studio Version 16
VisualStudioVersion = 16.0.29613.14
MinimumVisualStudioVersion = 10.0.40219.1
Project("{9A19103F-16F7-4668-BE54-9A1E7A4F7556}") = "PRE", "PRE\PRE.csproj", "{DBA7FFF9-935B-47E0-8A3D-71FFB985FA16}"
EndProject
Project("{FAE04EC0-301F-11D3-BF4B-00C04F79EFBC}") = "PRETest", "PRETest\PRETest.csproj", "{A84528F8-1FB2-4346-AFB2-67DD9D0553EB}"
EndProject
Global
	GlobalSection(SolutionConfigurationPlatforms) = preSolution
		Debug|Any CPU = Debug|Any CPU
		Debug|ARM = Debug|ARM
		Debug|ARM64 = Debug|ARM64
		Debug|x64 = Debug|x64
		Debug|x86 = Debug|x86
		Release|Any CPU = Release|Any CPU
		Release|ARM = Release|ARM
		Release|ARM64 = Release|ARM64
		Release|x64 = Release|x64
		Release|x86 = Release|x86
	EndGlobalSection
	GlobalSection(ProjectConfigurationPlatforms) = postSolution
		{DBA7FFF9-935B-47E0-8A3D-71FFB985FA16}.Debug|Any CPU.ActiveCfg = Debug|Any CPU
		{DBA7FFF9-935B-47E0-8A3D-71FFB985FA16}.Debug|Any CPU.Build.0 = Debug|Any CPU
		{DBA7FFF9-935B-47E0-8A3D-71FFB985FA16}.Debug|ARM.ActiveCfg = Debug|Any CPU
		{DBA7FFF9-935B-47E0-8A3D-71FFB985FA16}.Debug|ARM.Build.0 = Debug|Any CPU
		{DBA7FFF9-935B-47E0-8A3D-71FFB985FA16}.Debug|ARM64.ActiveCfg = Debug|Any CPU
		{DBA7FFF9-935B-47E0-8A3D-71FFB985FA16}.Debug|ARM64.Build.0 = Debug|Any CPU
		{DBA7FFF9-935B-47E0-8A3D-71FFB985FA16}.Debug|x64.ActiveCfg = Debug|Any CPU
		{DBA7FFF9-935B-47E0-8A3D-71FFB985FA16}.Debug|x64.Build.0 = Debug|Any CPU
		{DBA7FFF9-935B-47E0-8A3D-71FFB985FA16}.Debug|x86.ActiveCfg = Debug|Any CPU
		{DBA7FFF9-935B-47E0-8A3D-71FFB985FA16}.Debug|x86.Build.0 = Debug|Any CPU
		{DBA7FFF9-935B-47E0-8A3D-71FFB985FA16}.Release|Any CPU.ActiveCfg = Release|Any CPU
		{DBA7FFF9-935B-47E0-8A3D-71FFB985FA16}.Release|Any CPU.Build.0 = Release|Any CPU
		{DBA7FFF9-935B-47E0-8A3D-71FFB985FA16}.Release|ARM.ActiveCfg = Release|Any CPU
		{DBA7FFF9-935B-47E0-8A3D-71FFB985FA16}.Release|ARM.Build.0 = Release|Any CPU
		{DBA7FFF9-935B-47E0-8A3D-71FFB985FA16}.Release|ARM64.ActiveCfg = Release|Any CPU
		{DBA7FFF9-935B-47E0-8A3D-71FFB985FA16}.Release|ARM64.Build.0 = Release|Any CPU
		{DBA7FFF9-935B-47E0-8A3D-71FFB985FA16}.Release|x64.ActiveCfg = Release|Any CPU
		{DBA7FFF9-935B-47E0-8A3D-71FFB985FA16}.Release|x64.Build.0 = Release|Any CPU
		{DBA7FFF9-935B-47E0-8A3D-71FFB985FA16}.Release|x86.ActiveCfg = Release|Any CPU
		{DBA7FFF9-935B-47E0-8A3D-71FFB985FA16}.Release|x86.Build.0 = Release|Any CPU
		{A84528F8-1FB2-4346-AFB2-67DD9D0553EB}.Debug|Any CPU.ActiveCfg = Debug|Any CPU
		{A84528F8-1FB2-4346-AFB2-67DD9D0553EB}.Debug|Any CPU.Build.0 = Debug|Any CPU
		{A84528F8-1FB2-4346-AFB2-67DD9D0553EB}.Debug|ARM.ActiveCfg = Debug|Any CPU
		{A84528F8-1FB2-4346-AFB2-67DD9D0553EB}.Debug|ARM.Build.0 = Debug|Any CPU
		{A84528F8-1FB2-4346-AFB2-67DD9D0553EB}.Debug|ARM64.ActiveCfg = Debug|Any CPU
		{A84528F8-1FB2-4346-AFB2-67DD9D0553EB}.Debug|ARM64.Build.0 = Debug|Any CPU
		{A84528F8-1FB2-4346-AFB2-67DD9D0553EB}.Debug|x64.ActiveCfg = Debug|Any CPU
		{A84528F8-1FB2-4346-AFB2-67DD9D0553EB}.Debug|x64.Build.0 = Debug|Any CPU
		{A84528F8-1FB2-4346-AFB2-67DD9D0553EB}.Debug|x86.ActiveCfg = Debug|Any CPU
		{A84528F8-1FB2-4346-AFB2-67DD9D0553EB}.Debug|x86.Build.0 = Debug|Any CPU
		{A84528F8-1FB2-4346-AFB2-67DD9D0553EB}.Release|Any CPU.ActiveCfg = Release|Any CPU
		{A84528F8-1FB2-4346-AFB2-67DD9D0553EB}.Release|Any CPU.Build.0 = Release|Any CPU
		{A84528F8-1FB2-4346-AFB2-67DD9D0553EB}.Release|ARM.ActiveCfg = Release|Any CPU
		{A84528F8-1FB2-4346-AFB2-67DD9D0553EB}.Release|ARM.Build.0 = Release|Any CPU
		{A84528F8-1FB2-4346-AFB2-67DD9D0553EB}.Release|ARM64.ActiveCfg = Release|Any CPU
		{A84528F8-1FB2-4346-AFB2-67DD9D0553EB}.Release|ARM64.Build.0 = Release|Any CPU
		{A84528F8-1FB2-4346-AFB2-67DD9D0553EB}.Release|x64.ActiveCfg = Release|Any CPU
		{A84528F8-1FB2-4346-AFB2-67DD9D0553EB}.Release|x64.Build.0 = Release|Any CPU
		{A84528F8-1FB2-4346-AFB2-67DD9D0553EB}.Release|x86.ActiveCfg = Release|Any CPU
		{A84528F8-1FB2-4346-AFB2-67DD9D0553EB}.Release|x86.Build.0 = Release|Any CPU
	EndGlobalSection
	GlobalSection(SolutionProperties) = preSolution
		HideSolutionNode = FALSE
	EndGlobalSection
	GlobalSection(ExtensibilityGlobals) = postSolution
		SolutionGuid = {0B1E7892-E159-40AC-8EEA-80C7E0520927}
	EndGlobalSection
EndGlobal
